
Microsoft Visual Studio Solution File, Format Version 12.00
# Visual Studio Version 17
VisualStudioVersion = 17.8.34322.80
MinimumVisualStudioVersion = 10.0.40219.1
Project("{FAE04EC0-301F-11D3-BF4B-00C04F79EFBC}") = "Badgernet.Umbraco.WebPicAuto", "Badgernet.Umbraco.WebPicAuto\Badgernet.Umbraco.WebPicAuto.csproj", "{E34E5452-27A7-4B54-A782-E711ADC68FD3}"
EndProject
Global
	GlobalSection(SolutionConfigurationPlatforms) = preSolution
		Debug|Any CPU = Debug|Any CPU
		Release|Any CPU = Release|Any CPU
	EndGlobalSection
	GlobalSection(ProjectConfigurationPlatforms) = postSolution
		{E34E5452-27A7-4B54-A782-E711ADC68FD3}.Debug|Any CPU.ActiveCfg = Debug|Any CPU
		{E34E5452-27A7-4B54-A782-E711ADC68FD3}.Debug|Any CPU.Build.0 = Debug|Any CPU
		{E34E5452-27A7-4B54-A782-E711ADC68FD3}.Release|Any CPU.ActiveCfg = Release|Any CPU
		{E34E5452-27A7-4B54-A782-E711ADC68FD3}.Release|Any CPU.Build.0 = Release|Any CPU
	EndGlobalSection
	GlobalSection(SolutionProperties) = preSolution
		HideSolutionNode = FALSE
	EndGlobalSection
	GlobalSection(ExtensibilityGlobals) = postSolution
		SolutionGuid = {4F36B4FF-0F99-4C33-A358-85DF1B2F6B74}
	EndGlobalSection
EndGlobal
